
Microsoft Visual Studio Solution File, Format Version 12.00
# Visual Studio Version 17
VisualStudioVersion = 17.7.34221.43
MinimumVisualStudioVersion = 10.0.40219.1
Project("{FAE04EC0-301F-11D3-BF4B-00C04F79EFBC}") = "LoggingFrameWork-LLD", "LoggingFrameWork-LLD\LoggingFrameWork-LLD.csproj", "{BD5BC638-C550-481F-A22C-EA40E420CDDB}"
EndProject
Global
	GlobalSection(SolutionConfigurationPlatforms) = preSolution
		Debug|Any CPU = Debug|Any CPU
		Release|Any CPU = Release|Any CPU
	EndGlobalSection
	GlobalSection(ProjectConfigurationPlatforms) = postSolution
		{BD5BC638-C550-481F-A22C-EA40E420CDDB}.Debug|Any CPU.ActiveCfg = Debug|Any CPU
		{BD5BC638-C550-481F-A22C-EA40E420CDDB}.Debug|Any CPU.Build.0 = Debug|Any CPU
		{BD5BC638-C550-481F-A22C-EA40E420CDDB}.Release|Any CPU.ActiveCfg = Release|Any CPU
		{BD5BC638-C550-481F-A22C-EA40E420CDDB}.Release|Any CPU.Build.0 = Release|Any CPU
	EndGlobalSection
	GlobalSection(SolutionProperties) = preSolution
		HideSolutionNode = FALSE
	EndGlobalSection
	GlobalSection(ExtensibilityGlobals) = postSolution
		SolutionGuid = {7724033D-5E12-4E23-A6EE-1257EC26377D}
	EndGlobalSection
EndGlobal
